github.com/magiconair/properties v1.8.4 h1:8KGKTcQQGm0Kv7vEbKFErAoAOFyyacLStRtQSeYtvkY=
github.com/magiconair/properties v1.8.4/go.mod h1:y3VJvCyxH9uVvJTWEGAELF3aiYNyPKd5NZ3oSwXrF60=

Server:		127.0.0.53
Address:	127.0.0.53#53

Non-authoritative answer:
Name:	bankline.securebusiness.rbs.co.uk
Address: 155.136.22.209
